{
  "nodes": {
    "nixpkgs": {
      "locked": {
        "lastModified": 1676339213,
        "narHash": "sha256-W+Zjr+165gNock06svxtRoCqIQC6d34BBFObOl6GNsg=",
        "owner": "NixOS",
        "repo": "nixpkgs",
        "rev": "0106ecdd4e4e3b1b3ff15edde526901e5eb9f625",
        "type": "github"
      },
      "original": {
        "owner": "NixOS",
        "ref": "release-22.11",
        "repo": "nixpkgs",
        "type": "github"
      }
    },
    "root": {
      "inputs": {
        "nixpkgs": "nixpkgs"
      }
    }
  },
  "root": "root",
  "version": 7
}
